
Microsoft Visual Studio Solution File, Format Version 12.00
# Visual Studio 15
VisualStudioVersion = 15.0.27130.2036
MinimumVisualStudioVersion = 10.0.40219.1
Project("{FAE04EC0-301F-11D3-BF4B-00C04F79EFBC}") = "Temperatures.Service", "Temperatures.Service\Temperatures.Service.csproj", "{98869628-2CCA-4C00-BDBC-C05F26844FD4}"
EndProject
Project("{FAE04EC0-301F-11D3-BF4B-00C04F79EFBC}") = "Temperatures.Rest", "Temperatures.Rest\Temperatures.Rest.csproj", "{1987C2E0-D7CC-499A-A5D6-DD6CBB1985AB}"
EndProject
Project("{FAE04EC0-301F-11D3-BF4B-00C04F79EFBC}") = "Temperatures.Core", "Temperatures.Core\Temperatures.Core.csproj", "{9D870447-422D-436D-8C6F-191300BCB3A5}"
EndProject
Global
	GlobalSection(SolutionConfigurationPlatforms) = preSolution
		Debug|Any CPU = Debug|Any CPU
		Release|Any CPU = Release|Any CPU
	EndGlobalSection
	GlobalSection(ProjectConfigurationPlatforms) = postSolution
		{98869628-2CCA-4C00-BDBC-C05F26844FD4}.Debug|Any CPU.ActiveCfg = Debug|Any CPU
		{98869628-2CCA-4C00-BDBC-C05F26844FD4}.Debug|Any CPU.Build.0 = Debug|Any CPU
		{98869628-2CCA-4C00-BDBC-C05F26844FD4}.Release|Any CPU.ActiveCfg = Release|Any CPU
		{98869628-2CCA-4C00-BDBC-C05F26844FD4}.Release|Any CPU.Build.0 = Release|Any CPU
		{1987C2E0-D7CC-499A-A5D6-DD6CBB1985AB}.Debug|Any CPU.ActiveCfg = Debug|Any CPU
		{1987C2E0-D7CC-499A-A5D6-DD6CBB1985AB}.Debug|Any CPU.Build.0 = Debug|Any CPU
		{1987C2E0-D7CC-499A-A5D6-DD6CBB1985AB}.Release|Any CPU.ActiveCfg = Release|Any CPU
		{1987C2E0-D7CC-499A-A5D6-DD6CBB1985AB}.Release|Any CPU.Build.0 = Release|Any CPU
		{9D870447-422D-436D-8C6F-191300BCB3A5}.Debug|Any CPU.ActiveCfg = Debug|Any CPU
		{9D870447-422D-436D-8C6F-191300BCB3A5}.Debug|Any CPU.Build.0 = Debug|Any CPU
		{9D870447-422D-436D-8C6F-191300BCB3A5}.Release|Any CPU.ActiveCfg = Release|Any CPU
		{9D870447-422D-436D-8C6F-191300BCB3A5}.Release|Any CPU.Build.0 = Release|Any CPU
	EndGlobalSection
	GlobalSection(SolutionProperties) = preSolution
		HideSolutionNode = FALSE
	EndGlobalSection
	GlobalSection(ExtensibilityGlobals) = postSolution
		SolutionGuid = {AA7F1B4D-D975-4B2C-96B5-107ABDFB2BA6}
	EndGlobalSection
EndGlobal
